
Microsoft Visual Studio Solution File, Format Version 12.00
# Visual Studio Version 16
VisualStudioVersion = 16.0.31702.278
MinimumVisualStudioVersion = 10.0.40219.1
Project("{FAE04EC0-301F-11D3-BF4B-00C04F79EFBC}") = "DrugStoreManagementApp", "DrugStoreManagementApp.csproj", "{0C00B667-392B-49BD-92C1-535419139FB6}"
EndProject
Global
	GlobalSection(SolutionConfigurationPlatforms) = preSolution
		Debug|Any CPU = Debug|Any CPU
		Release|Any CPU = Release|Any CPU
	EndGlobalSection
	GlobalSection(ProjectConfigurationPlatforms) = postSolution
		{0C00B667-392B-49BD-92C1-535419139FB6}.Debug|Any CPU.ActiveCfg = Debug|Any CPU
		{0C00B667-392B-49BD-92C1-535419139FB6}.Debug|Any CPU.Build.0 = Debug|Any CPU
		{0C00B667-392B-49BD-92C1-535419139FB6}.Release|Any CPU.ActiveCfg = Release|Any CPU
		{0C00B667-392B-49BD-92C1-535419139FB6}.Release|Any CPU.Build.0 = Release|Any CPU
	EndGlobalSection
	GlobalSection(SolutionProperties) = preSolution
		HideSolutionNode = FALSE
	EndGlobalSection
	GlobalSection(ExtensibilityGlobals) = postSolution
		SolutionGuid = {C7312988-4700-4A79-98B5-58F3CD9AC3BA}
	EndGlobalSection
EndGlobal
